// !$*UTF8*$!
{
	archiveVersion = 1;
	classes = {
	};
	objectVersion = 46;
	objects = {

/* Begin PBXBuildFile section */
		8663C28C03BA00865D7B027D /* Pods_Swift_Evolution_Proposals.framework in Frameworks */ = {isa = PBXBuildFile; fileRef = 7B46FE9B99E124324571A333 /* Pods_Swift_Evolution_Proposals.framework */; };
		F02564771D71EC4100252769 /* Podfile in Resources */ = {isa = PBXBuildFile; fileRef = F02564761D71EC4100252769 /* Podfile */; };
		F02564791D71F7C200252769 /* ProposalListViewController.swift in Sources */ = {isa = PBXBuildFile; fileRef = F02564781D71F7C200252769 /* ProposalListViewController.swift */; };
		F049C6AB1DC6498F00B5EC77 /* ProposalDetailViewController.swift in Sources */ = {isa = PBXBuildFile; fileRef = F049C6AA1DC6498F00B5EC77 /* ProposalDetailViewController.swift */; };
		F0BF0A0E1D71B9CE00383C38 /* AppDelegate.swift in Sources */ = {isa = PBXBuildFile; fileRef = F0BF0A0D1D71B9CE00383C38 /* AppDelegate.swift */; };
		F0BF0A131D71B9CE00383C38 /* Main.storyboard in Resources */ = {isa = PBXBuildFile; fileRef = F0BF0A111D71B9CE00383C38 /* Main.storyboard */; };
		F0BF0A161D71B9CE00383C38 /* Swift_Evolution_Proposals.xcdatamodeld in Sources */ = {isa = PBXBuildFile; fileRef = F0BF0A141D71B9CE00383C38 /* Swift_Evolution_Proposals.xcdatamodeld */; };
		F0BF0A181D71B9CE00383C38 /* Assets.xcassets in Resources */ = {isa = PBXBuildFile; fileRef = F0BF0A171D71B9CE00383C38 /* Assets.xcassets */; };
		F0BF0A1B1D71B9CE00383C38 /* LaunchScreen.storyboard in Resources */ = {isa = PBXBuildFile; fileRef = F0BF0A191D71B9CE00383C38 /* LaunchScreen.storyboard */; };
		F0D42E511DC52BF80075FDC4 /* API.swift in Sources */ = {isa = PBXBuildFile; fileRef = F0D42E501DC52BF80075FDC4 /* API.swift */; };
		F0D42E531DC52E360075FDC4 /* GlobalConstants.swift in Sources */ = {isa = PBXBuildFile; fileRef = F0D42E521DC52E360075FDC4 /* GlobalConstants.swift */; };
		F0D42E561DC536D80075FDC4 /* ProposalListTableViewCell.swift in Sources */ = {isa = PBXBuildFile; fileRef = F0D42E541DC536D80075FDC4 /* ProposalListTableViewCell.swift */; };
		F0D42E571DC536D80075FDC4 /* ProposalListTableViewCell.xib in Resources */ = {isa = PBXBuildFile; fileRef = F0D42E551DC536D80075FDC4 /* ProposalListTableViewCell.xib */; };
		F0D42E591DC537AF0075FDC4 /* TableCellReuseProtocol.swift in Sources */ = {isa = PBXBuildFile; fileRef = F0D42E581DC537AF0075FDC4 /* TableCellReuseProtocol.swift */; };
		F0D42E5B1DC53CE00075FDC4 /* CustomExtensions.swift in Sources */ = {isa = PBXBuildFile; fileRef = F0D42E5A1DC53CE00075FDC4 /* CustomExtensions.swift */; };
/* End PBXBuildFile section */

/* Begin PBXFileReference section */
		7B46FE9B99E124324571A333 /* Pods_Swift_Evolution_Proposals.framework */ = {isa = PBXFileReference; explicitFileType = wrapper.framework; includeInIndex = 0; path = Pods_Swift_Evolution_Proposals.framework; sourceTree = BUILT_PRODUCTS_DIR; };
		B04A3553D71016C66EAD4127 /* Pods-Swift Evolution Proposals.release.xcconfig */ = {isa = PBXFileReference; includeInIndex = 1; lastKnownFileType = text.xcconfig; name = "Pods-Swift Evolution Proposals.release.xcconfig"; path = "Pods/Target Support Files/Pods-Swift Evolution Proposals/Pods-Swift Evolution Proposals.release.xcconfig"; sourceTree = "<group>"; };
		F02564761D71EC4100252769 /* Podfile */ = {isa = PBXFileReference; fileEncoding = 4; lastKnownFileType = text; path = Podfile; sourceTree = "<group>"; xcLanguageSpecificationIdentifier = xcode.lang.ruby; };
		F02564781D71F7C200252769 /* ProposalListViewController.swift */ = {isa = PBXFileReference; fileEncoding = 4; lastKnownFileType = sourcecode.swift; path = ProposalListViewController.swift; sourceTree = "<group>"; };
		F049C6AA1DC6498F00B5EC77 /* ProposalDetailViewController.swift */ = {isa = PBXFileReference; fileEncoding = 4; lastKnownFileType = sourcecode.swift; path = ProposalDetailViewController.swift; sourceTree = "<group>"; };
		F0BF0A0A1D71B9CE00383C38 /* Swift Evolution Proposals.app */ = {isa = PBXFileReference; explicitFileType = wrapper.application; includeInIndex = 0; path = "Swift Evolution Proposals.app"; sourceTree = BUILT_PRODUCTS_DIR; };
		F0BF0A0D1D71B9CE00383C38 /* AppDelegate.swift */ = {isa = PBXFileReference; lastKnownFileType = sourcecode.swift; path = AppDelegate.swift; sourceTree = "<group>"; };
		F0BF0A121D71B9CE00383C38 /* Base */ = {isa = PBXFileReference; lastKnownFileType = file.storyboard; name = Base; path = Base.lproj/Main.storyboard; sourceTree = "<group>"; };
		F0BF0A151D71B9CE00383C38 /* Swift_Evolution_Proposals.xcdatamodel */ = {isa = PBXFileReference; lastKnownFileType = wrapper.xcdatamodel; path = Swift_Evolution_Proposals.xcdatamodel; sourceTree = "<group>"; };
		F0BF0A171D71B9CE00383C38 /* Assets.xcassets */ = {isa = PBXFileReference; lastKnownFileType = folder.assetcatalog; path = Assets.xcassets; sourceTree = "<group>"; };
		F0BF0A1A1D71B9CE00383C38 /* Base */ = {isa = PBXFileReference; lastKnownFileType = file.storyboard; name = Base; path = Base.lproj/LaunchScreen.storyboard; sourceTree = "<group>"; };
		F0BF0A1C1D71B9CE00383C38 /* Info.plist */ = {isa = PBXFileReference; lastKnownFileType = text.plist.xml; path = Info.plist; sourceTree = "<group>"; };
		F0D42E501DC52BF80075FDC4 /* API.swift */ = {isa = PBXFileReference; fileEncoding = 4; lastKnownFileType = sourcecode.swift; path = API.swift; sourceTree = "<group>"; };
		F0D42E521DC52E360075FDC4 /* GlobalConstants.swift */ = {isa = PBXFileReference; fileEncoding = 4; lastKnownFileType = sourcecode.swift; path = GlobalConstants.swift; sourceTree = "<group>"; };
		F0D42E541DC536D80075FDC4 /* ProposalListTableViewCell.swift */ = {isa = PBXFileReference; fileEncoding = 4; lastKnownFileType = sourcecode.swift; path = ProposalListTableViewCell.swift; sourceTree = "<group>"; };
		F0D42E551DC536D80075FDC4 /* ProposalListTableViewCell.xib */ = {isa = PBXFileReference; fileEncoding = 4; lastKnownFileType = file.xib; path = ProposalListTableViewCell.xib; sourceTree = "<group>"; };
		F0D42E581DC537AF0075FDC4 /* TableCellReuseProtocol.swift */ = {isa = PBXFileReference; fileEncoding = 4; lastKnownFileType = sourcecode.swift; path = TableCellReuseProtocol.swift; sourceTree = "<group>"; };
		F0D42E5A1DC53CE00075FDC4 /* CustomExtensions.swift */ = {isa = PBXFileReference; fileEncoding = 4; lastKnownFileType = sourcecode.swift; path = CustomExtensions.swift; sourceTree = "<group>"; };
		FA994BA2156611E44D7B0E50 /* Pods-Swift Evolution Proposals.debug.xcconfig */ = {isa = PBXFileReference; includeInIndex = 1; lastKnownFileType = text.xcconfig; name = "Pods-Swift Evolution Proposals.debug.xcconfig"; path = "Pods/Target Support Files/Pods-Swift Evolution Proposals/Pods-Swift Evolution Proposals.debug.xcconfig"; sourceTree = "<group>"; };
/* End PBXFileReference section */

/* Begin PBXFrameworksBuildPhase section */
		F0BF0A071D71B9CE00383C38 /* Frameworks */ = {
			isa = PBXFrameworksBuildPhase;
			buildActionMask = 2147483647;
			files = (
				8663C28C03BA00865D7B027D /* Pods_Swift_Evolution_Proposals.framework in Frameworks */,
			);
			runOnlyForDeploymentPostprocessing = 0;
		};
/* End PBXFrameworksBuildPhase section */

/* Begin PBXGroup section */
		D8054982EA39588FA09A3B4A /* Frameworks */ = {
			isa = PBXGroup;
			children = (
				7B46FE9B99E124324571A333 /* Pods_Swift_Evolution_Proposals.framework */,
			);
			name = Frameworks;
			sourceTree = "<group>";
		};
		F0BF0A011D71B9CE00383C38 = {
			isa = PBXGroup;
			children = (
				F02564761D71EC4100252769 /* Podfile */,
				F0BF0A0C1D71B9CE00383C38 /* Swift Evolution Proposals */,
				F0BF0A0B1D71B9CE00383C38 /* Products */,
				FAC7DFB4BA057B28BD3EF8B3 /* Pods */,
				D8054982EA39588FA09A3B4A /* Frameworks */,
			);
			sourceTree = "<group>";
		};
		F0BF0A0B1D71B9CE00383C38 /* Products */ = {
			isa = PBXGroup;
			children = (
				F0BF0A0A1D71B9CE00383C38 /* Swift Evolution Proposals.app */,
			);
			name = Products;
			sourceTree = "<group>";
		};
		F0BF0A0C1D71B9CE00383C38 /* Swift Evolution Proposals */ = {
			isa = PBXGroup;
			children = (
				F0BF0A0D1D71B9CE00383C38 /* AppDelegate.swift */,
				F02564781D71F7C200252769 /* ProposalListViewController.swift */,
				F0D42E501DC52BF80075FDC4 /* API.swift */,
				F0D42E521DC52E360075FDC4 /* GlobalConstants.swift */,
				F0BF0A111D71B9CE00383C38 /* Main.storyboard */,
				F049C6AA1DC6498F00B5EC77 /* ProposalDetailViewController.swift */,
				F0D42E541DC536D80075FDC4 /* ProposalListTableViewCell.swift */,
				F0D42E5A1DC53CE00075FDC4 /* CustomExtensions.swift */,
				F0D42E581DC537AF0075FDC4 /* TableCellReuseProtocol.swift */,
				F0D42E551DC536D80075FDC4 /* ProposalListTableViewCell.xib */,
				F0BF0A171D71B9CE00383C38 /* Assets.xcassets */,
				F0BF0A191D71B9CE00383C38 /* LaunchScreen.storyboard */,
				F0BF0A1C1D71B9CE00383C38 /* Info.plist */,
				F0BF0A141D71B9CE00383C38 /* Swift_Evolution_Proposals.xcdatamodeld */,
			);
			path = "Swift Evolution Proposals";
			sourceTree = "<group>";
		};
		FAC7DFB4BA057B28BD3EF8B3 /* Pods */ = {
			isa = PBXGroup;
			children = (
				FA994BA2156611E44D7B0E50 /* Pods-Swift Evolution Proposals.debug.xcconfig */,
				B04A3553D71016C66EAD4127 /* Pods-Swift Evolution Proposals.release.xcconfig */,
			);
			name = Pods;
			sourceTree = "<group>";
		};
/* End PBXGroup section */

/* Begin PBXNativeTarget section */
		F0BF0A091D71B9CE00383C38 /* Swift Evolution Proposals */ = {
			isa = PBXNativeTarget;
			buildConfigurationList = F0BF0A1F1D71B9CE00383C38 /* Build configuration list for PBXNativeTarget "Swift Evolution Proposals" */;
			buildPhases = (
				5CA54FB8E7E8923D1928BC71 /* [CP] Check Pods Manifest.lock */,
				F0BF0A061D71B9CE00383C38 /* Sources */,
				F0BF0A071D71B9CE00383C38 /* Frameworks */,
				F0BF0A081D71B9CE00383C38 /* Resources */,
				4778E9C41BD0052D0871B2F1 /* [CP] Embed Pods Frameworks */,
				7A0179BEF0D439043EAC7E23 /* [CP] Copy Pods Resources */,
			);
			buildRules = (
			);
			dependencies = (
			);
			name = "Swift Evolution Proposals";
			productName = "Swift Evolution Proposals";
			productReference = F0BF0A0A1D71B9CE00383C38 /* Swift Evolution Proposals.app */;
			productType = "com.apple.product-type.application";
		};
/* End PBXNativeTarget section */

/* Begin PBXProject section */
		F0BF0A021D71B9CE00383C38 /* Project object */ = {
			isa = PBXProject;
			attributes = {
				LastSwiftUpdateCheck = 0800;
				LastUpgradeCheck = 0800;
				ORGANIZATIONNAME = "Vibgyor Applications";
				TargetAttributes = {
					F0BF0A091D71B9CE00383C38 = {
						CreatedOnToolsVersion = 8.0;
						DevelopmentTeam = QM66W5D5E4;
						ProvisioningStyle = Automatic;
					};
				};
			};
			buildConfigurationList = F0BF0A051D71B9CE00383C38 /* Build configuration list for PBXProject "Swift Evolution Proposals" */;
			compatibilityVersion = "Xcode 3.2";
			developmentRegion = English;
			hasScannedForEncodings = 0;
			knownRegions = (
				en,
				Base,
			);
			mainGroup = F0BF0A011D71B9CE00383C38;
			productRefGroup = F0BF0A0B1D71B9CE00383C38 /* Products */;
			projectDirPath = "";
			projectRoot = "";
			targets = (
				F0BF0A091D71B9CE00383C38 /* Swift Evolution Proposals */,
			);
		};
/* End PBXProject section */

/* Begin PBXResourcesBuildPhase section */
		F0BF0A081D71B9CE00383C38 /* Resources */ = {
			isa = PBXResourcesBuildPhase;
			buildActionMask = 2147483647;
			files = (
				F0BF0A1B1D71B9CE00383C38 /* LaunchScreen.storyboard in Resources */,
				F0BF0A181D71B9CE00383C38 /* Assets.xcassets in Resources */,
				F02564771D71EC4100252769 /* Podfile in Resources */,
				F0BF0A131D71B9CE00383C38 /* Main.storyboard in Resources */,
				F0D42E571DC536D80075FDC4 /* ProposalListTableViewCell.xib in Resources */,
			);
			runOnlyForDeploymentPostprocessing = 0;
		};
/* End PBXResourcesBuildPhase section */

/* Begin PBXShellScriptBuildPhase section */
		4778E9C41BD0052D0871B2F1 /* [CP] Embed Pods Frameworks */ = {
			isa = PBXShellScriptBuildPhase;
			buildActionMask = 2147483647;
			files = (
			);
			inputPaths = (
			);
			name = "[CP] Embed Pods Frameworks";
			outputPaths = (
			);
			runOnlyForDeploymentPostprocessing = 0;
			shellPath = /bin/sh;
			shellScript = "\"${SRCROOT}/Pods/Target Support Files/Pods-Swift Evolution Proposals/Pods-Swift Evolution Proposals-frameworks.sh\"\n";
			showEnvVarsInLog = 0;
		};
		5CA54FB8E7E8923D1928BC71 /* [CP] Check Pods Manifest.lock */ = {
			isa = PBXShellScriptBuildPhase;
			buildActionMask = 2147483647;
			files = (
			);
			inputPaths = (
			);
			name = "[CP] Check Pods Manifest.lock";
			outputPaths = (
			);
			runOnlyForDeploymentPostprocessing = 0;
			shellPath = /bin/sh;
			shellScript = "diff \"${PODS_ROOT}/../Podfile.lock\" \"${PODS_ROOT}/Manifest.lock\" > /dev/null\nif [ $? != 0 ] ; then\n    # print error to STDERR\n    echo \"error: The sandbox is not in sync with the Podfile.lock. Run 'pod install' or update your CocoaPods installation.\" >&2\n    exit 1\nfi\n";
			showEnvVarsInLog = 0;
		};
		7A0179BEF0D439043EAC7E23 /* [CP] Copy Pods Resources */ = {
			isa = PBXShellScriptBuildPhase;
			buildActionMask = 2147483647;
			files = (
			);
			inputPaths = (
			);
			name = "[CP] Copy Pods Resources";
			outputPaths = (
			);
			runOnlyForDeploymentPostprocessing = 0;
			shellPath = /bin/sh;
			shellScript = "\"${SRCROOT}/Pods/Target Support Files/Pods-Swift Evolution Proposals/Pods-Swift Evolution Proposals-resources.sh\"\n";
			showEnvVarsInLog = 0;
		};
/* End PBXShellScriptBuildPhase section */

/* Begin PBXSourcesBuildPhase section */
		F0BF0A061D71B9CE00383C38 /* Sources */ = {
			isa = PBXSourcesBuildPhase;
			buildActionMask = 2147483647;
			files = (
				F02564791D71F7C200252769 /* ProposalListViewController.swift in Sources */,
				F0BF0A161D71B9CE00383C38 /* Swift_Evolution_Proposals.xcdatamodeld in Sources */,
				F0D42E591DC537AF0075FDC4 /* TableCellReuseProtocol.swift in Sources */,
				F0D42E531DC52E360075FDC4 /* GlobalConstants.swift in Sources */,
				F0D42E5B1DC53CE00075FDC4 /* CustomExtensions.swift in Sources */,
				F0D42E511DC52BF80075FDC4 /* API.swift in Sources */,
				F0BF0A0E1D71B9CE00383C38 /* AppDelegate.swift in Sources */,
				F0D42E561DC536D80075FDC4 /* ProposalListTableViewCell.swift in Sources */,
				F049C6AB1DC6498F00B5EC77 /* ProposalDetailViewController.swift in Sources */,
			);
			runOnlyForDeploymentPostprocessing = 0;
		};
/* End PBXSourcesBuildPhase section */

/* Begin PBXVariantGroup section */
		F0BF0A111D71B9CE00383C38 /* Main.storyboard */ = {
			isa = PBXVariantGroup;
			children = (
				F0BF0A121D71B9CE00383C38 /* Base */,
			);
			name = Main.storyboard;
			sourceTree = "<group>";
		};
		F0BF0A191D71B9CE00383C38 /* LaunchScreen.storyboard */ = {
			isa = PBXVariantGroup;
			children = (
				F0BF0A1A1D71B9CE00383C38 /* Base */,
			);
			name = LaunchScreen.storyboard;
			sourceTree = "<group>";
		};
/* End PBXVariantGroup section */

/* Begin XCBuildConfiguration section */
		F0BF0A1D1D71B9CE00383C38 /* Debug */ = {
			isa = XCBuildConfiguration;
			buildSettings = {
				ALWAYS_SEARCH_USER_PATHS = NO;
				CLANG_ANALYZER_NONNULL = YES;
				CLANG_CXX_LANGUAGE_STANDARD = "gnu++0x";
				CLANG_CXX_LIBRARY = "libc++";
				CLANG_ENABLE_MODULES = YES;
				CLANG_ENABLE_OBJC_ARC = YES;
				CLANG_WARN_BOOL_CONVERSION = YES;
				CLANG_WARN_CONSTANT_CONVERSION = YES;
				CLANG_WARN_DIRECT_OBJC_ISA_USAGE = YES_ERROR;
				CLANG_WARN_DOCUMENTATION_COMMENTS = YES;
				CLANG_WARN_EMPTY_BODY = YES;
				CLANG_WARN_ENUM_CONVERSION = YES;
				CLANG_WARN_INFINITE_RECURSION = YES;
				CLANG_WARN_INT_CONVERSION = YES;
				CLANG_WARN_OBJC_ROOT_CLASS = YES_ERROR;
				CLANG_WARN_SUSPICIOUS_MOVES = YES;
				CLANG_WARN_UNREACHABLE_CODE = YES;
				CLANG_WARN__DUPLICATE_METHOD_MATCH = YES;
				"CODE_SIGN_IDENTITY[sdk=iphoneos*]" = "iPhone Developer";
				COPY_PHASE_STRIP = NO;
				DEBUG_INFORMATION_FORMAT = dwarf;
				ENABLE_STRICT_OBJC_MSGSEND = YES;
				ENABLE_TESTABILITY = YES;
				GCC_C_LANGUAGE_STANDARD = gnu99;
				GCC_DYNAMIC_NO_PIC = NO;
				GCC_NO_COMMON_BLOCKS = YES;
				GCC_OPTIMIZATION_LEVEL = 0;
				GCC_PREPROCESSOR_DEFINITIONS = (
					"DEBUG=1",
					"$(inherited)",
				);
				GCC_WARN_64_TO_32_BIT_CONVERSION = YES;
				GCC_WARN_ABOUT_RETURN_TYPE = YES_ERROR;
				GCC_WARN_UNDECLARED_SELECTOR = YES;
				GCC_WARN_UNINITIALIZED_AUTOS = YES_AGGRESSIVE;
				GCC_WARN_UNUSED_FUNCTION = YES;
				GCC_WARN_UNUSED_VARIABLE = YES;
				IPHONEOS_DEPLOYMENT_TARGET = 10.0;
				MTL_ENABLE_DEBUG_INFO = YES;
				ONLY_ACTIVE_ARCH = YES;
				SDKROOT = iphoneos;
				SWIFT_ACTIVE_COMPILATION_CONDITIONS = DEBUG;
				SWIFT_OPTIMIZATION_LEVEL = "-Onone";
				TARGETED_DEVICE_FAMILY = "1,2";
			};
			name = Debug;
		};
		F0BF0A1E1D71B9CE00383C38 /* Release */ = {
			isa = XCBuildConfiguration;
			buildSettings = {
				ALWAYS_SEARCH_USER_PATHS = NO;
				CLANG_ANALYZER_NONNULL = YES;
				CLANG_CXX_LANGUAGE_STANDARD = "gnu++0x";
				CLANG_CXX_LIBRARY = "libc++";
				CLANG_ENABLE_MODULES = YES;
				CLANG_ENABLE_OBJC_ARC = YES;
				CLANG_WARN_BOOL_CONVERSION = YES;
				CLANG_WARN_CONSTANT_CONVERSION = YES;
				CLANG_WARN_DIRECT_OBJC_ISA_USAGE = YES_ERROR;
				CLANG_WARN_DOCUMENTATION_COMMENTS = YES;
				CLANG_WARN_EMPTY_BODY = YES;
				CLANG_WARN_ENUM_CONVERSION = YES;
				CLANG_WARN_INFINITE_RECURSION = YES;
				CLANG_WARN_INT_CONVERSION = YES;
				CLANG_WARN_OBJC_ROOT_CLASS = YES_ERROR;
				CLANG_WARN_SUSPICIOUS_MOVES = YES;
				CLANG_WARN_UNREACHABLE_CODE = YES;
				CLANG_WARN__DUPLICATE_METHOD_MATCH = YES;
				"CODE_SIGN_IDENTITY[sdk=iphoneos*]" = "iPhone Developer";
				COPY_PHASE_STRIP = NO;
				DEBUG_INFORMATION_FORMAT = "dwarf-with-dsym";
				ENABLE_NS_ASSERTIONS = NO;
				ENABLE_STRICT_OBJC_MSGSEND = YES;
				GCC_C_LANGUAGE_STANDARD = gnu99;
				GCC_NO_COMMON_BLOCKS = YES;
				GCC_WARN_64_TO_32_BIT_CONVERSION = YES;
				GCC_WARN_ABOUT_RETURN_TYPE = YES_ERROR;
				GCC_WARN_UNDECLARED_SELECTOR = YES;
				GCC_WARN_UNINITIALIZED_AUTOS = YES_AGGRESSIVE;
				GCC_WARN_UNUSED_FUNCTION = YES;
				GCC_WARN_UNUSED_VARIABLE = YES;
				IPHONEOS_DEPLOYMENT_TARGET = 10.0;
				MTL_ENABLE_DEBUG_INFO = NO;
				SDKROOT = iphoneos;
				SWIFT_OPTIMIZATION_LEVEL = "-Owholemodule";
				TARGETED_DEVICE_FAMILY = "1,2";
				VALIDATE_PRODUCT = YES;
			};
			name = Release;
		};
		F0BF0A201D71B9CE00383C38 /* Debug */ = {
			isa = XCBuildConfiguration;
			baseConfigurationReference = FA994BA2156611E44D7B0E50 /* Pods-Swift Evolution Proposals.debug.xcconfig */;
			buildSettings = {
				ASSETCATALOG_COMPILER_APPICON_NAME = AppIcon;
				DEVELOPMENT_TEAM = QM66W5D5E4;
				INFOPLIST_FILE = "Swift Evolution Proposals/Info.plist";
				IPHONEOS_DEPLOYMENT_TARGET = 10.0;
				LD_RUNPATH_SEARCH_PATHS = "$(inherited) @executable_path/Frameworks";
				PRODUCT_BUNDLE_IDENTIFIER = "vibgyorapplications.Swift-Evolution-Proposals";
				PRODUCT_NAME = "$(TARGET_NAME)";
				SWIFT_VERSION = 3.0;
			};
			name = Debug;
		};
		F0BF0A211D71B9CE00383C38 /* Release */ = {
			isa = XCBuildConfiguration;
			baseConfigurationReference = B04A3553D71016C66EAD4127 /* Pods-Swift Evolution Proposals.release.xcconfig */;
			buildSettings = {
				ASSETCATALOG_COMPILER_APPICON_NAME = AppIcon;
				DEVELOPMENT_TEAM = QM66W5D5E4;
				INFOPLIST_FILE = "Swift Evolution Proposals/Info.plist";
				IPHONEOS_DEPLOYMENT_TARGET = 10.0;
				LD_RUNPATH_SEARCH_PATHS = "$(inherited) @executable_path/Frameworks";
				PRODUCT_BUNDLE_IDENTIFIER = "vibgyorapplications.Swift-Evolution-Proposals";
				PRODUCT_NAME = "$(TARGET_NAME)";
				SWIFT_VERSION = 3.0;
			};
			name = Release;
		};
/* End XCBuildConfiguration section */

/* Begin XCConfigurationList section */
		F0BF0A051D71B9CE00383C38 /* Build configuration list for PBXProject "Swift Evolution Proposals" */ = {
			isa = XCConfigurationList;
			buildConfigurations = (
				F0BF0A1D1D71B9CE00383C38 /* Debug */,
				F0BF0A1E1D71B9CE00383C38 /* Release */,
			);
			defaultConfigurationIsVisible = 0;
			defaultConfigurationName = Release;
		};
		F0BF0A1F1D71B9CE00383C38 /* Build configuration list for PBXNativeTarget "Swift Evolution Proposals" */ = {
			isa = XCConfigurationList;
			buildConfigurations = (
				F0BF0A201D71B9CE00383C38 /* Debug */,
				F0BF0A211D71B9CE00383C38 /* Release */,
			);
			defaultConfigurationIsVisible = 0;
			defaultConfigurationName = Release;
		};
/* End XCConfigurationList section */

/* Begin XCVersionGroup section */
		F0BF0A141D71B9CE00383C38 /* Swift_Evolution_Proposals.xcdatamodeld */ = {
			isa = XCVersionGroup;
			children = (
				F0BF0A151D71B9CE00383C38 /* Swift_Evolution_Proposals.xcdatamodel */,
			);
			currentVersion = F0BF0A151D71B9CE00383C38 /* Swift_Evolution_Proposals.xcdatamodel */;
			path = Swift_Evolution_Proposals.xcdatamodeld;
			sourceTree = "<group>";
			versionGroupType = wrapper.xcdatamodel;
		};
/* End XCVersionGroup section */
	};
	rootObject = F0BF0A021D71B9CE00383C38 /* Project object */;
}
